
Microsoft Visual Studio Solution File, Format Version 12.00
# Visual Studio Version 16
VisualStudioVersion = 16.0.30011.22
MinimumVisualStudioVersion = 10.0.40219.1
Project("{FAE04EC0-301F-11D3-BF4B-00C04F79EFBC}") = "Entidades", "Entidades\Entidades.csproj", "{052A3B0E-9FA9-49F9-A1B6-18C7D6B8039D}"
EndProject
Project("{FAE04EC0-301F-11D3-BF4B-00C04F79EFBC}") = "Test", "ConsoleApp1\Test.csproj", "{908AA793-152F-4974-8A0A-84C7A71BC8C3}"
EndProject
Global
	GlobalSection(SolutionConfigurationPlatforms) = preSolution
		Debug|Any CPU = Debug|Any CPU
		Release|Any CPU = Release|Any CPU
	EndGlobalSection
	GlobalSection(ProjectConfigurationPlatforms) = postSolution
		{052A3B0E-9FA9-49F9-A1B6-18C7D6B8039D}.Debug|Any CPU.ActiveCfg = Debug|Any CPU
		{052A3B0E-9FA9-49F9-A1B6-18C7D6B8039D}.Debug|Any CPU.Build.0 = Debug|Any CPU
		{052A3B0E-9FA9-49F9-A1B6-18C7D6B8039D}.Release|Any CPU.ActiveCfg = Release|Any CPU
		{052A3B0E-9FA9-49F9-A1B6-18C7D6B8039D}.Release|Any CPU.Build.0 = Release|Any CPU
		{908AA793-152F-4974-8A0A-84C7A71BC8C3}.Debug|Any CPU.ActiveCfg = Debug|Any CPU
		{908AA793-152F-4974-8A0A-84C7A71BC8C3}.Debug|Any CPU.Build.0 = Debug|Any CPU
		{908AA793-152F-4974-8A0A-84C7A71BC8C3}.Release|Any CPU.ActiveCfg = Release|Any CPU
		{908AA793-152F-4974-8A0A-84C7A71BC8C3}.Release|Any CPU.Build.0 = Release|Any CPU
	EndGlobalSection
	GlobalSection(SolutionProperties) = preSolution
		HideSolutionNode = FALSE
	EndGlobalSection
	GlobalSection(ExtensibilityGlobals) = postSolution
		SolutionGuid = {EA7E3CEC-2982-47D1-B530-F3319BF939F9}
	EndGlobalSection
EndGlobal
