
Microsoft Visual Studio Solution File, Format Version 12.00
# Visual Studio Version 16
VisualStudioVersion = 16.0.30011.22
MinimumVisualStudioVersion = 10.0.40219.1
Project("{FAE04EC0-301F-11D3-BF4B-00C04F79EFBC}") = "Entidades", "Entidades\Entidades.csproj", "{70316C72-A76D-4B03-B64C-4E2E5CFC6AED}"
EndProject
Project("{FAE04EC0-301F-11D3-BF4B-00C04F79EFBC}") = "ConsoleApp1", "ConsoleApp1\ConsoleApp1.csproj", "{58BDE516-6A8C-4F5C-B114-FA2060B50A69}"
EndProject
Global
	GlobalSection(SolutionConfigurationPlatforms) = preSolution
		Debug|Any CPU = Debug|Any CPU
		Release|Any CPU = Release|Any CPU
	EndGlobalSection
	GlobalSection(ProjectConfigurationPlatforms) = postSolution
		{70316C72-A76D-4B03-B64C-4E2E5CFC6AED}.Debug|Any CPU.ActiveCfg = Debug|Any CPU
		{70316C72-A76D-4B03-B64C-4E2E5CFC6AED}.Debug|Any CPU.Build.0 = Debug|Any CPU
		{70316C72-A76D-4B03-B64C-4E2E5CFC6AED}.Release|Any CPU.ActiveCfg = Release|Any CPU
		{70316C72-A76D-4B03-B64C-4E2E5CFC6AED}.Release|Any CPU.Build.0 = Release|Any CPU
		{58BDE516-6A8C-4F5C-B114-FA2060B50A69}.Debug|Any CPU.ActiveCfg = Debug|Any CPU
		{58BDE516-6A8C-4F5C-B114-FA2060B50A69}.Debug|Any CPU.Build.0 = Debug|Any CPU
		{58BDE516-6A8C-4F5C-B114-FA2060B50A69}.Release|Any CPU.ActiveCfg = Release|Any CPU
		{58BDE516-6A8C-4F5C-B114-FA2060B50A69}.Release|Any CPU.Build.0 = Release|Any CPU
	EndGlobalSection
	GlobalSection(SolutionProperties) = preSolution
		HideSolutionNode = FALSE
	EndGlobalSection
	GlobalSection(ExtensibilityGlobals) = postSolution
		SolutionGuid = {77D70E56-8FA2-4BE1-A573-FB6EAA1CFB27}
	EndGlobalSection
EndGlobal
